<?xml version="1.0" encoding="utf-8"?>
<Project ToolsVersion="4.0" xmlns="http://schemas.microsoft.com/developer/msbuild/2003">
  <ItemGroup>
    <Filter Include="sauce">
      <UniqueIdentifier>{201fcb9f-555e-4b31-8a84-ec31863b5999}</UniqueIdentifier>
    </Filter>
    <Filter Include="sauce\Header Files">
      <UniqueIdentifier>{93995380-89BD-4b04-88EB-625FBE52EBFB}</UniqueIdentifier>
      <Extensions>h;hh;hpp;hxx;hm;inl;inc;xsd</Extensions>
    </Filter>
  </ItemGroup>
  <ItemGroup>
    <Text Include="ReadMe.txt" />
  </ItemGroup>
  <ItemGroup>
    <ClInclude Include="MemoryError.h">
      <Filter>sauce\Header Files</Filter>
    </ClInclude>
    <ClInclude Include="imgui_impl_dx9.h">
      <Filter>sauce\Header Files</Filter>
    </ClInclude>
    <ClInclude Include="imgui_impl_dx11.h">
      <Filter>sauce\Header Files</Filter>
    </ClInclude>
    <ClInclude Include="MD5.h">
      <Filter>sauce\Header Files</Filter>
    </ClInclude>
    <ClInclude Include="imconfig.h">
      <Filter>sauce\Header Files</Filter>
    </ClInclude>
    <ClInclude Include="imgui.h">
      <Filter>sauce\Header Files</Filter>
    </ClInclude>
    <ClInclude Include="imgui_internal.h">
      <Filter>sauce\Header Files</Filter>
    </ClInclude>
    <ClInclude Include="resource.h">
      <Filter>sauce\Header Files</Filter>
    </ClInclude>
    <ClInclude Include="OffSets.h">
      <Filter>sauce\Header Files</Filter>
    </ClInclude>
    <ClInclude Include="interception.h">
      <Filter>sauce\Header Files</Filter>
    </ClInclude>
    <ClInclude Include="utils.h">
      <Filter>sauce\Header Files</Filter>
    </ClInclude>
    <ClInclude Include="resource1.h">
      <Filter>sauce\Header Files</Filter>
    </ClInclude>
  </ItemGroup>
  <ItemGroup>
    <ClCompile Include="dllmain.cpp">
      <Filter>sauce</Filter>
    </ClCompile>
    <ClCompile Include="MemoryError.cpp">
      <Filter>sauce</Filter>
    </ClCompile>
    <ClCompile Include="imgui_impl_dx9.cpp">
      <Filter>sauce</Filter>
    </ClCompile>
    <ClCompile Include="imgui_impl_dx11.cpp">
      <Filter>sauce</Filter>
    </ClCompile>
    <ClCompile Include="MD5.cpp">
      <Filter>sauce</Filter>
    </ClCompile>
    <ClCompile Include="imgui.cpp">
      <Filter>sauce</Filter>
    </ClCompile>
    <ClCompile Include="imgui_draw.cpp">
      <Filter>sauce</Filter>
    </ClCompile>
    <ClCompile Include="binary_to_compressed_c.cpp">
      <Filter>sauce</Filter>
    </ClCompile>
    <ClCompile Include="interception.c">
      <Filter>sauce</Filter>
    </ClCompile>
    <ClCompile Include="utils.c">
      <Filter>sauce</Filter>
    </ClCompile>
  </ItemGroup>
  <ItemGroup>
    <ResourceCompile Include="MemoryError.rc" />
  </ItemGroup>
</Project>